
Microsoft Visual Studio Solution File, Format Version 12.00
# Visual Studio Version 17
VisualStudioVersion = 17.5.33530.505
MinimumVisualStudioVersion = 10.0.40219.1
Project("{FAE04EC0-301F-11D3-BF4B-00C04F79EFBC}") = "AspNetSecurityDemos", "AspNetSecurityDemos\AspNetSecurityDemos.csproj", "{86F50287-E85E-4F18-8725-126C7071C3EE}"
EndProject
Global
	GlobalSection(SolutionConfigurationPlatforms) = preSolution
		Debug|Any CPU = Debug|Any CPU
		Release|Any CPU = Release|Any CPU
	EndGlobalSection
	GlobalSection(ProjectConfigurationPlatforms) = postSolution
		{86F50287-E85E-4F18-8725-126C7071C3EE}.Debug|Any CPU.ActiveCfg = Debug|Any CPU
		{86F50287-E85E-4F18-8725-126C7071C3EE}.Debug|Any CPU.Build.0 = Debug|Any CPU
		{86F50287-E85E-4F18-8725-126C7071C3EE}.Release|Any CPU.ActiveCfg = Release|Any CPU
		{86F50287-E85E-4F18-8725-126C7071C3EE}.Release|Any CPU.Build.0 = Release|Any CPU
	EndGlobalSection
	GlobalSection(SolutionProperties) = preSolution
		HideSolutionNode = FALSE
	EndGlobalSection
	GlobalSection(ExtensibilityGlobals) = postSolution
		SolutionGuid = {C77591B9-67B1-4F1B-B5C0-B321BF81CE00}
	EndGlobalSection
EndGlobal
